
Microsoft Visual Studio Solution File, Format Version 12.00
# Visual Studio Version 17
VisualStudioVersion = 17.2.32616.157
MinimumVisualStudioVersion = 10.0.40219.1
Project("{FAE04EC0-301F-11D3-BF4B-00C04F79EFBC}") = "1_TextRPG2", "1_TextRPG2\1_TextRPG2.csproj", "{21834306-8696-4F2F-8908-7ABF5BDA6FEA}"
EndProject
Global
	GlobalSection(SolutionConfigurationPlatforms) = preSolution
		Debug|Any CPU = Debug|Any CPU
		Release|Any CPU = Release|Any CPU
	EndGlobalSection
	GlobalSection(ProjectConfigurationPlatforms) = postSolution
		{21834306-8696-4F2F-8908-7ABF5BDA6FEA}.Debug|Any CPU.ActiveCfg = Debug|Any CPU
		{21834306-8696-4F2F-8908-7ABF5BDA6FEA}.Debug|Any CPU.Build.0 = Debug|Any CPU
		{21834306-8696-4F2F-8908-7ABF5BDA6FEA}.Release|Any CPU.ActiveCfg = Release|Any CPU
		{21834306-8696-4F2F-8908-7ABF5BDA6FEA}.Release|Any CPU.Build.0 = Release|Any CPU
	EndGlobalSection
	GlobalSection(SolutionProperties) = preSolution
		HideSolutionNode = FALSE
	EndGlobalSection
	GlobalSection(ExtensibilityGlobals) = postSolution
		SolutionGuid = {A1306A12-1FDF-43E8-9393-9216E145B6CC}
	EndGlobalSection
EndGlobal
